
Microsoft Visual Studio Solution File, Format Version 12.00
# Visual Studio Version 17
VisualStudioVersion = 17.1.32414.318
MinimumVisualStudioVersion = 10.0.40219.1
Project("{FAE04EC0-301F-11D3-BF4B-00C04F79EFBC}") = "SistemaBancario", "SistemaBancario.csproj", "{4B414739-9F76-4661-9CBE-2B02E06AA039}"
EndProject
Global
	GlobalSection(SolutionConfigurationPlatforms) = preSolution
		Debug|Any CPU = Debug|Any CPU
		Release|Any CPU = Release|Any CPU
	EndGlobalSection
	GlobalSection(ProjectConfigurationPlatforms) = postSolution
		{4B414739-9F76-4661-9CBE-2B02E06AA039}.Debug|Any CPU.ActiveCfg = Debug|Any CPU
		{4B414739-9F76-4661-9CBE-2B02E06AA039}.Debug|Any CPU.Build.0 = Debug|Any CPU
		{4B414739-9F76-4661-9CBE-2B02E06AA039}.Release|Any CPU.ActiveCfg = Release|Any CPU
		{4B414739-9F76-4661-9CBE-2B02E06AA039}.Release|Any CPU.Build.0 = Release|Any CPU
	EndGlobalSection
	GlobalSection(SolutionProperties) = preSolution
		HideSolutionNode = FALSE
	EndGlobalSection
	GlobalSection(ExtensibilityGlobals) = postSolution
		SolutionGuid = {92B729D2-4DBF-46B5-9965-5D725D3A7425}
	EndGlobalSection
EndGlobal
